
Microsoft Visual Studio Solution File, Format Version 12.00
# Visual Studio Version 16
VisualStudioVersion = 16.0.31424.327
MinimumVisualStudioVersion = 10.0.40219.1
Project("{FAE04EC0-301F-11D3-BF4B-00C04F79EFBC}") = "HRM_App", "HRM_App\HRM_App.csproj", "{3F7712A8-4602-4637-8F60-9E343DC2D135}"
EndProject
Global
	GlobalSection(SolutionConfigurationPlatforms) = preSolution
		Debug|Any CPU = Debug|Any CPU
		Release|Any CPU = Release|Any CPU
	EndGlobalSection
	GlobalSection(ProjectConfigurationPlatforms) = postSolution
		{3F7712A8-4602-4637-8F60-9E343DC2D135}.Debug|Any CPU.ActiveCfg = Debug|Any CPU
		{3F7712A8-4602-4637-8F60-9E343DC2D135}.Debug|Any CPU.Build.0 = Debug|Any CPU
		{3F7712A8-4602-4637-8F60-9E343DC2D135}.Release|Any CPU.ActiveCfg = Release|Any CPU
		{3F7712A8-4602-4637-8F60-9E343DC2D135}.Release|Any CPU.Build.0 = Release|Any CPU
	EndGlobalSection
	GlobalSection(SolutionProperties) = preSolution
		HideSolutionNode = FALSE
	EndGlobalSection
	GlobalSection(ExtensibilityGlobals) = postSolution
		SolutionGuid = {2B51A2A6-B461-4301-AF2A-0176D811E668}
	EndGlobalSection
EndGlobal
